{
  "name": "vite-project",
  "version": "0.0.0",
  "lockfileVersion": 1,
  "requires": true,
  "dependencies": {
    "@nicevue/ui": {
      "version": "1.0.3",
      "resolved": "http://registry.qizhidao.net/@nicevue%2fui/-/ui-1.0.3.tgz",
      "integrity": "sha512-8eZnKbGO3kG0c4s4iytZN3Q1O40M87lC1EYplwYZagHzwF+H1fbXqIIJT3qOJtYXmUdmLJKYcuVZYdSJ5pOT7A=="
    }
  }
}
