{
  "name": "@nicevue/cli",
  "version": "1.0.0",
  "lockfileVersion": 1,
  "requires": true,
  "dependencies": {
    "@types/fs-extra": {
      "version": "9.0.13",
      "dev": true,
      "requires": {
        "@types/node": "*"
      },
      "dependencies": {
        "@types/node": {
          "version": "18.7.13",
          "resolved": "http://registry.qizhidao.net/@types%2fnode/-/node-18.7.13.tgz",
          "integrity": "sha512-46yIhxSe5xEaJZXWdIBP7GU4HDTG8/eo0qd9atdiL+lFpA03y8KS+lkTN834TWJj5767GbWv4n/P6efyTFt1Dw==",
          "dev": true
        }
      }
    },
    "chalk": {
      "version": "4.1.2",
      "requires": {
        "ansi-styles": "^4.1.0",
        "supports-color": "^7.1.0"
      },
      "dependencies": {
        "ansi-styles": {
          "version": "4.3.0",
          "resolved": "http://registry.qizhidao.net/ansi-styles/-/ansi-styles-4.3.0.tgz",
          "integrity": "sha1-7dgDYornHATIWuegkG7a00tkiTc=",
          "requires": {
            "color-convert": "^2.0.1"
          }
        },
        "color-convert": {
          "version": "2.0.1",
          "resolved": "http://registry.qizhidao.net/color-convert/-/color-convert-2.0.1.tgz",
          "integrity": "sha1-ctOmjVmMm9s68q0ehPIdiWq9TeM=",
          "requires": {
            "color-name": "~1.1.4"
          }
        },
        "color-name": {
          "version": "1.1.4",
          "resolved": "http://registry.qizhidao.net/color-name/-/color-name-1.1.4.tgz",
          "integrity": "sha1-wqCah6y95pVD3m9j+jmVyCbFNqI="
        },
        "has-flag": {
          "version": "4.0.0",
          "resolved": "http://registry.qizhidao.net/has-flag/-/has-flag-4.0.0.tgz",
          "integrity": "sha1-lEdx/ZyByBJlxNaUGGDaBrtZR5s="
        },
        "supports-color": {
          "version": "7.2.0",
          "resolved": "http://registry.qizhidao.net/supports-color/-/supports-color-7.2.0.tgz",
          "integrity": "sha1-G33NyzK4E4gBs+R4umpRyqiWSNo=",
          "requires": {
            "has-flag": "^4.0.0"
          }
        }
      }
    },
    "commander": {
      "version": "9.4.0"
    },
    "fs-extra": {
      "version": "10.1.0",
      "requires": {
        "graceful-fs": "^4.2.0",
        "jsonfile": "^6.0.1",
        "universalify": "^2.0.0"
      },
      "dependencies": {
        "graceful-fs": {
          "version": "4.2.10",
          "resolved": "http://registry.qizhidao.net/graceful-fs/-/graceful-fs-4.2.10.tgz",
          "integrity": "sha512-9ByhssR2fPVsNZj478qUUbKfmL0+t5BDVyjShtyZZLiK7ZDAArFFfopyOTj0M05wE2tJPisA4iTnnXl2YoPvOA=="
        },
        "jsonfile": {
          "version": "6.1.0",
          "resolved": "http://registry.qizhidao.net/jsonfile/-/jsonfile-6.1.0.tgz",
          "integrity": "sha1-vFWyY0eTxnnsZAMJTrE2mKbsCq4=",
          "requires": {
            "graceful-fs": "^4.1.6",
            "universalify": "^2.0.0"
          }
        },
        "universalify": {
          "version": "2.0.0",
          "resolved": "http://registry.qizhidao.net/universalify/-/universalify-2.0.0.tgz",
          "integrity": "sha1-daSYTv7cSwiXXFrrc/Uw0C3yVxc="
        }
      }
    },
    "ora": {
      "version": "5.4.0",
      "requires": {
        "bl": "^4.1.0",
        "chalk": "^4.1.0",
        "cli-cursor": "^3.1.0",
        "cli-spinners": "^2.5.0",
        "is-interactive": "^1.0.0",
        "is-unicode-supported": "^0.1.0",
        "log-symbols": "^4.1.0",
        "strip-ansi": "^6.0.0",
        "wcwidth": "^1.0.1"
      },
      "dependencies": {
        "ansi-regex": {
          "version": "5.0.1",
          "resolved": "http://registry.qizhidao.net/ansi-regex/-/ansi-regex-5.0.1.tgz",
          "integrity": "sha1-CCyyyJyf6GWaMRpTvWpNxTAdswQ="
        },
        "ansi-styles": {
          "version": "4.3.0",
          "resolved": "http://registry.qizhidao.net/ansi-styles/-/ansi-styles-4.3.0.tgz",
          "integrity": "sha1-7dgDYornHATIWuegkG7a00tkiTc=",
          "requires": {
            "color-convert": "^2.0.1"
          }
        },
        "base64-js": {
          "version": "1.5.1",
          "resolved": "http://registry.qizhidao.net/base64-js/-/base64-js-1.5.1.tgz",
          "integrity": "sha1-GxtEAWClv3rUC2UPCVljSBkDkwo="
        },
        "bl": {
          "version": "4.1.0",
          "resolved": "http://registry.qizhidao.net/bl/-/bl-4.1.0.tgz",
          "integrity": "sha1-RRU1JkGCvsL7vIOmKrmM8R2fezo=",
          "requires": {
            "buffer": "^5.5.0",
            "inherits": "^2.0.4",
            "readable-stream": "^3.4.0"
          }
        },
        "buffer": {
          "version": "5.7.1",
          "resolved": "http://registry.qizhidao.net/buffer/-/buffer-5.7.1.tgz",
          "integrity": "sha1-umLnwTEzBTWCGXFghRqPZI6Z7tA=",
          "requires": {
            "base64-js": "^1.3.1",
            "ieee754": "^1.1.13"
          }
        },
        "chalk": {
          "version": "4.1.2",
          "resolved": "http://registry.qizhidao.net/chalk/-/chalk-4.1.2.tgz",
          "integrity": "sha1-qsTit3NKdAhnrrFr8CqtVWoeegE=",
          "requires": {
            "ansi-styles": "^4.1.0",
            "supports-color": "^7.1.0"
          }
        },
        "cli-cursor": {
          "version": "3.1.0",
          "resolved": "http://registry.qizhidao.net/cli-cursor/-/cli-cursor-3.1.0.tgz",
          "integrity": "sha1-JkMFp65JDR0Dvwybp8kl0XU68wc=",
          "requires": {
            "restore-cursor": "^3.1.0"
          }
        },
        "cli-spinners": {
          "version": "2.7.0",
          "resolved": "http://registry.qizhidao.net/cli-spinners/-/cli-spinners-2.7.0.tgz",
          "integrity": "sha512-qu3pN8Y3qHNgE2AFweciB1IfMnmZ/fsNTEE+NOFjmGB2F/7rLhnhzppvpCnN4FovtP26k8lHyy9ptEbNwWFLzw=="
        },
        "clone": {
          "version": "1.0.4",
          "resolved": "http://registry.qizhidao.net/clone/-/clone-1.0.4.tgz",
          "integrity": "sha1-2jCcwmPfFZlMaIypAheco8fNfH4="
        },
        "color-convert": {
          "version": "2.0.1",
          "resolved": "http://registry.qizhidao.net/color-convert/-/color-convert-2.0.1.tgz",
          "integrity": "sha1-ctOmjVmMm9s68q0ehPIdiWq9TeM=",
          "requires": {
            "color-name": "~1.1.4"
          }
        },
        "color-name": {
          "version": "1.1.4",
          "resolved": "http://registry.qizhidao.net/color-name/-/color-name-1.1.4.tgz",
          "integrity": "sha1-wqCah6y95pVD3m9j+jmVyCbFNqI="
        },
        "defaults": {
          "version": "1.0.3",
          "resolved": "http://registry.qizhidao.net/defaults/-/defaults-1.0.3.tgz",
          "integrity": "sha1-xlYFHpgX2f8I7YgUd/P+QBnz730=",
          "requires": {
            "clone": "^1.0.2"
          }
        },
        "has-flag": {
          "version": "4.0.0",
          "resolved": "http://registry.qizhidao.net/has-flag/-/has-flag-4.0.0.tgz",
          "integrity": "sha1-lEdx/ZyByBJlxNaUGGDaBrtZR5s="
        },
        "ieee754": {
          "version": "1.2.1",
          "resolved": "http://registry.qizhidao.net/ieee754/-/ieee754-1.2.1.tgz",
          "integrity": "sha1-jrehCmP/8l0VpXsAFYbRd9Gw01I="
        },
        "inherits": {
          "version": "2.0.4",
          "resolved": "http://registry.qizhidao.net/inherits/-/inherits-2.0.4.tgz",
          "integrity": "sha1-D6LGT5MpF8NDOg3tVTY6rjdBa3w="
        },
        "is-interactive": {
          "version": "1.0.0",
          "resolved": "http://registry.qizhidao.net/is-interactive/-/is-interactive-1.0.0.tgz",
          "integrity": "sha1-zqbmrlyHCnsKAAQHC3tYfgJSkS4="
        },
        "is-unicode-supported": {
          "version": "0.1.0",
          "resolved": "http://registry.qizhidao.net/is-unicode-supported/-/is-unicode-supported-0.1.0.tgz",
          "integrity": "sha1-PybHaoCVk7Ur+i7LVxDtJ3m1Iqc="
        },
        "log-symbols": {
          "version": "4.1.0",
          "resolved": "http://registry.qizhidao.net/log-symbols/-/log-symbols-4.1.0.tgz",
          "integrity": "sha1-P727lbRoOsn8eFER55LlWNSr1QM=",
          "requires": {
            "chalk": "^4.1.0",
            "is-unicode-supported": "^0.1.0"
          }
        },
        "mimic-fn": {
          "version": "2.1.0",
          "resolved": "http://registry.qizhidao.net/mimic-fn/-/mimic-fn-2.1.0.tgz",
          "integrity": "sha1-ftLCzMyvhNP/y3pptXcR/CCDQBs="
        },
        "onetime": {
          "version": "5.1.2",
          "resolved": "http://registry.qizhidao.net/onetime/-/onetime-5.1.2.tgz",
          "integrity": "sha1-0Oluu1awdHbfHdnEgG5SN5hcpF4=",
          "requires": {
            "mimic-fn": "^2.1.0"
          }
        },
        "readable-stream": {
          "version": "3.6.0",
          "resolved": "http://registry.qizhidao.net/readable-stream/-/readable-stream-3.6.0.tgz",
          "integrity": "sha1-M3u9o63AcGvT4CRCaihtS0sskZg=",
          "requires": {
            "inherits": "^2.0.3",
            "string_decoder": "^1.1.1",
            "util-deprecate": "^1.0.1"
          }
        },
        "restore-cursor": {
          "version": "3.1.0",
          "resolved": "http://registry.qizhidao.net/restore-cursor/-/restore-cursor-3.1.0.tgz",
          "integrity": "sha1-OfZ8VLOnpYzqUjbZXPADQjljH34=",
          "requires": {
            "onetime": "^5.1.0",
            "signal-exit": "^3.0.2"
          }
        },
        "safe-buffer": {
          "version": "5.2.1",
          "resolved": "http://registry.qizhidao.net/safe-buffer/-/safe-buffer-5.2.1.tgz",
          "integrity": "sha1-Hq+fqb2x/dTsdfWPnNtOa3gn7sY="
        },
        "signal-exit": {
          "version": "3.0.7",
          "resolved": "http://registry.qizhidao.net/signal-exit/-/signal-exit-3.0.7.tgz",
          "integrity": "sha512-wnD2ZE+l+SPC/uoS0vXeE9L1+0wuaMqKlfz9AMUo38JsyLSBWSFcHR1Rri62LZc12vLr1gb3jl7iwQhgwpAbGQ=="
        },
        "string_decoder": {
          "version": "1.3.0",
          "resolved": "http://registry.qizhidao.net/string_decoder/-/string_decoder-1.3.0.tgz",
          "integrity": "sha512-hkRX8U1WjJFd8LsDJ2yQ/wWWxaopEsABU1XfkM8A+j0+85JAGppt16cr1Whg6KIbb4okU6Mql6BOj+uup/wKeA==",
          "requires": {
            "safe-buffer": "~5.2.0"
          }
        },
        "strip-ansi": {
          "version": "6.0.1",
          "resolved": "http://registry.qizhidao.net/strip-ansi/-/strip-ansi-6.0.1.tgz",
          "integrity": "sha1-nibGPTD1NEPpSJSVshBdN7Z6hdk=",
          "requires": {
            "ansi-regex": "^5.0.1"
          }
        },
        "supports-color": {
          "version": "7.2.0",
          "resolved": "http://registry.qizhidao.net/supports-color/-/supports-color-7.2.0.tgz",
          "integrity": "sha1-G33NyzK4E4gBs+R4umpRyqiWSNo=",
          "requires": {
            "has-flag": "^4.0.0"
          }
        },
        "util-deprecate": {
          "version": "1.0.2",
          "resolved": "http://registry.qizhidao.net/util-deprecate/-/util-deprecate-1.0.2.tgz",
          "integrity": "sha1-RQ1Nyfpw3nMnYvvS1KKJgUGaDM8="
        },
        "wcwidth": {
          "version": "1.0.1",
          "resolved": "http://registry.qizhidao.net/wcwidth/-/wcwidth-1.0.1.tgz",
          "integrity": "sha1-8LDc+RW8X/FSivrbLA4XtTLaL+g=",
          "requires": {
            "defaults": "^1.0.3"
          }
        }
      }
    }
  }
}
